
Microsoft Visual Studio Solution File, Format Version 12.00
# Visual Studio 2012
Project("{D954291E-2A0B-460D-934E-DC6B0785DB48}") = "MedicineTracker", "MedicineTracker\MedicineTracker.shproj", "{955C8367-8134-4144-B99A-0986F8E469D8}"
EndProject
Project("{FAE04EC0-301F-11D3-BF4B-00C04F79EFBC}") = "MedicineTracker.iOS", "iOS\MedicineTracker.iOS.csproj", "{4BE5F86D-5B79-4735-9C5F-4C9932B955E0}"
EndProject
Project("{FAE04EC0-301F-11D3-BF4B-00C04F79EFBC}") = "MedicineTracker.Droid", "Droid\MedicineTracker.Droid.csproj", "{6E256D01-F75E-41A1-B515-68342FDB15C9}"
EndProject
Project("{FAE04EC0-301F-11D3-BF4B-00C04F79EFBC}") = "MedicineTracker.UITests", "MedicineTracker.UITests\MedicineTracker.UITests.csproj", "{C0C3636B-AE53-45ED-AD94-6842E72E7F0D}"
EndProject
Global
	GlobalSection(SolutionConfigurationPlatforms) = preSolution
		Debug|iPhoneSimulator = Debug|iPhoneSimulator
		Release|iPhone = Release|iPhone
		Release|iPhoneSimulator = Release|iPhoneSimulator
		Debug|iPhone = Debug|iPhone
		Debug|Any CPU = Debug|Any CPU
		Release|Any CPU = Release|Any CPU
	EndGlobalSection
	GlobalSection(ProjectConfigurationPlatforms) = postSolution
		{4BE5F86D-5B79-4735-9C5F-4C9932B955E0}.Debug|iPhoneSimulator.ActiveCfg = Debug|iPhoneSimulator
		{4BE5F86D-5B79-4735-9C5F-4C9932B955E0}.Debug|iPhoneSimulator.Build.0 = Debug|iPhoneSimulator
		{4BE5F86D-5B79-4735-9C5F-4C9932B955E0}.Release|iPhone.ActiveCfg = Release|iPhone
		{4BE5F86D-5B79-4735-9C5F-4C9932B955E0}.Release|iPhone.Build.0 = Release|iPhone
		{4BE5F86D-5B79-4735-9C5F-4C9932B955E0}.Release|iPhoneSimulator.ActiveCfg = Release|iPhoneSimulator
		{4BE5F86D-5B79-4735-9C5F-4C9932B955E0}.Release|iPhoneSimulator.Build.0 = Release|iPhoneSimulator
		{4BE5F86D-5B79-4735-9C5F-4C9932B955E0}.Debug|iPhone.ActiveCfg = Debug|iPhone
		{4BE5F86D-5B79-4735-9C5F-4C9932B955E0}.Debug|iPhone.Build.0 = Debug|iPhone
		{4BE5F86D-5B79-4735-9C5F-4C9932B955E0}.Debug|Any CPU.ActiveCfg = Debug|iPhoneSimulator
		{4BE5F86D-5B79-4735-9C5F-4C9932B955E0}.Debug|Any CPU.Build.0 = Debug|iPhoneSimulator
		{4BE5F86D-5B79-4735-9C5F-4C9932B955E0}.Release|Any CPU.ActiveCfg = Release|iPhone
		{4BE5F86D-5B79-4735-9C5F-4C9932B955E0}.Release|Any CPU.Build.0 = Release|iPhone
		{6E256D01-F75E-41A1-B515-68342FDB15C9}.Debug|iPhoneSimulator.ActiveCfg = Debug|Any CPU
		{6E256D01-F75E-41A1-B515-68342FDB15C9}.Debug|iPhoneSimulator.Build.0 = Debug|Any CPU
		{6E256D01-F75E-41A1-B515-68342FDB15C9}.Release|iPhone.ActiveCfg = Release|Any CPU
		{6E256D01-F75E-41A1-B515-68342FDB15C9}.Release|iPhone.Build.0 = Release|Any CPU
		{6E256D01-F75E-41A1-B515-68342FDB15C9}.Release|iPhoneSimulator.ActiveCfg = Release|Any CPU
		{6E256D01-F75E-41A1-B515-68342FDB15C9}.Release|iPhoneSimulator.Build.0 = Release|Any CPU
		{6E256D01-F75E-41A1-B515-68342FDB15C9}.Debug|iPhone.ActiveCfg = Debug|Any CPU
		{6E256D01-F75E-41A1-B515-68342FDB15C9}.Debug|iPhone.Build.0 = Debug|Any CPU
		{6E256D01-F75E-41A1-B515-68342FDB15C9}.Debug|Any CPU.ActiveCfg = Debug|Any CPU
		{6E256D01-F75E-41A1-B515-68342FDB15C9}.Debug|Any CPU.Build.0 = Debug|Any CPU
		{6E256D01-F75E-41A1-B515-68342FDB15C9}.Release|Any CPU.ActiveCfg = Release|Any CPU
		{6E256D01-F75E-41A1-B515-68342FDB15C9}.Release|Any CPU.Build.0 = Release|Any CPU
		{C0C3636B-AE53-45ED-AD94-6842E72E7F0D}.Debug|iPhoneSimulator.ActiveCfg = Debug|Any CPU
		{C0C3636B-AE53-45ED-AD94-6842E72E7F0D}.Debug|iPhoneSimulator.Build.0 = Debug|Any CPU
		{C0C3636B-AE53-45ED-AD94-6842E72E7F0D}.Release|iPhone.ActiveCfg = Release|Any CPU
		{C0C3636B-AE53-45ED-AD94-6842E72E7F0D}.Release|iPhone.Build.0 = Release|Any CPU
		{C0C3636B-AE53-45ED-AD94-6842E72E7F0D}.Release|iPhoneSimulator.ActiveCfg = Release|Any CPU
		{C0C3636B-AE53-45ED-AD94-6842E72E7F0D}.Release|iPhoneSimulator.Build.0 = Release|Any CPU
		{C0C3636B-AE53-45ED-AD94-6842E72E7F0D}.Debug|iPhone.ActiveCfg = Debug|Any CPU
		{C0C3636B-AE53-45ED-AD94-6842E72E7F0D}.Debug|iPhone.Build.0 = Debug|Any CPU
		{C0C3636B-AE53-45ED-AD94-6842E72E7F0D}.Debug|Any CPU.ActiveCfg = Debug|Any CPU
		{C0C3636B-AE53-45ED-AD94-6842E72E7F0D}.Debug|Any CPU.Build.0 = Debug|Any CPU
		{C0C3636B-AE53-45ED-AD94-6842E72E7F0D}.Release|Any CPU.ActiveCfg = Release|Any CPU
		{C0C3636B-AE53-45ED-AD94-6842E72E7F0D}.Release|Any CPU.Build.0 = Release|Any CPU
	EndGlobalSection
EndGlobal
